
Microsoft Visual Studio Solution File, Format Version 11.00
# Visual C# Express 2010
Project("{FAE04EC0-301F-11D3-BF4B-00C04F79EFBC}") = "RRDGraphTest", "RRDGraphTest\RRDGraphTest.csproj", "{806014EC-8D09-45F7-BAA4-43E79C936016}"
	ProjectSection(ProjectDependencies) = postProject
		{61B3CAC6-F284-4DE4-A307-F58A5D3B51E7} = {61B3CAC6-F284-4DE4-A307-F58A5D3B51E7}
	EndProjectSection
EndProject
Project("{FAE04EC0-301F-11D3-BF4B-00C04F79EFBC}") = "RrdSharp", "..\rrdsharp\rrdsharp\RrdSharp.csproj", "{61B3CAC6-F284-4DE4-A307-F58A5D3B51E7}"
EndProject
Global
	GlobalSection(SolutionConfigurationPlatforms) = preSolution
		Debug|Any CPU = Debug|Any CPU
		Debug|Mixed Platforms = Debug|Mixed Platforms
		Debug|x86 = Debug|x86
		Release|Any CPU = Release|Any CPU
		Release|Mixed Platforms = Release|Mixed Platforms
		Release|x86 = Release|x86
	EndGlobalSection
	GlobalSection(ProjectConfigurationPlatforms) = postSolution
		{806014EC-8D09-45F7-BAA4-43E79C936016}.Debug|Any CPU.ActiveCfg = Debug|x86
		{806014EC-8D09-45F7-BAA4-43E79C936016}.Debug|Mixed Platforms.ActiveCfg = Debug|x86
		{806014EC-8D09-45F7-BAA4-43E79C936016}.Debug|Mixed Platforms.Build.0 = Debug|x86
		{806014EC-8D09-45F7-BAA4-43E79C936016}.Debug|x86.ActiveCfg = Debug|x86
		{806014EC-8D09-45F7-BAA4-43E79C936016}.Debug|x86.Build.0 = Debug|x86
		{806014EC-8D09-45F7-BAA4-43E79C936016}.Release|Any CPU.ActiveCfg = Release|x86
		{806014EC-8D09-45F7-BAA4-43E79C936016}.Release|Mixed Platforms.ActiveCfg = Release|x86
		{806014EC-8D09-45F7-BAA4-43E79C936016}.Release|Mixed Platforms.Build.0 = Release|x86
		{806014EC-8D09-45F7-BAA4-43E79C936016}.Release|x86.ActiveCfg = Release|x86
		{806014EC-8D09-45F7-BAA4-43E79C936016}.Release|x86.Build.0 = Release|x86
		{61B3CAC6-F284-4DE4-A307-F58A5D3B51E7}.Debug|Any CPU.ActiveCfg = Debug|Any CPU
		{61B3CAC6-F284-4DE4-A307-F58A5D3B51E7}.Debug|Any CPU.Build.0 = Debug|Any CPU
		{61B3CAC6-F284-4DE4-A307-F58A5D3B51E7}.Debug|Mixed Platforms.ActiveCfg = Debug|Any CPU
		{61B3CAC6-F284-4DE4-A307-F58A5D3B51E7}.Debug|Mixed Platforms.Build.0 = Debug|Any CPU
		{61B3CAC6-F284-4DE4-A307-F58A5D3B51E7}.Debug|x86.ActiveCfg = Debug|Any CPU
		{61B3CAC6-F284-4DE4-A307-F58A5D3B51E7}.Release|Any CPU.ActiveCfg = Release|Any CPU
		{61B3CAC6-F284-4DE4-A307-F58A5D3B51E7}.Release|Any CPU.Build.0 = Release|Any CPU
		{61B3CAC6-F284-4DE4-A307-F58A5D3B51E7}.Release|Mixed Platforms.ActiveCfg = Release|Any CPU
		{61B3CAC6-F284-4DE4-A307-F58A5D3B51E7}.Release|Mixed Platforms.Build.0 = Release|Any CPU
		{61B3CAC6-F284-4DE4-A307-F58A5D3B51E7}.Release|x86.ActiveCfg = Release|Any CPU
	EndGlobalSection
	GlobalSection(SolutionProperties) = preSolution
		HideSolutionNode = FALSE
	EndGlobalSection
EndGlobal
